
Microsoft Visual Studio Solution File, Format Version 12.00
# Visual Studio Version 17
VisualStudioVersion = 17.10.35027.167
MinimumVisualStudioVersion = 10.0.40219.1
Project("{8BC9CEB8-8B4A-11D0-8D11-00A0C91BC942}") = "Bank", "Bank\Bank.vcxproj", "{B7497C94-F9B5-4D7A-AE88-0F3F6082B73B}"
EndProject
Global
	GlobalSection(SolutionConfigurationPlatforms) = preSolution
		Debug|x64 = Debug|x64
		Debug|x86 = Debug|x86
		Release|x64 = Release|x64
		Release|x86 = Release|x86
	EndGlobalSection
	GlobalSection(ProjectConfigurationPlatforms) = postSolution
		{B7497C94-F9B5-4D7A-AE88-0F3F6082B73B}.Debug|x64.ActiveCfg = Debug|x64
		{B7497C94-F9B5-4D7A-AE88-0F3F6082B73B}.Debug|x64.Build.0 = Debug|x64
		{B7497C94-F9B5-4D7A-AE88-0F3F6082B73B}.Debug|x86.ActiveCfg = Debug|Win32
		{B7497C94-F9B5-4D7A-AE88-0F3F6082B73B}.Debug|x86.Build.0 = Debug|Win32
		{B7497C94-F9B5-4D7A-AE88-0F3F6082B73B}.Release|x64.ActiveCfg = Release|x64
		{B7497C94-F9B5-4D7A-AE88-0F3F6082B73B}.Release|x64.Build.0 = Release|x64
		{B7497C94-F9B5-4D7A-AE88-0F3F6082B73B}.Release|x86.ActiveCfg = Release|Win32
		{B7497C94-F9B5-4D7A-AE88-0F3F6082B73B}.Release|x86.Build.0 = Release|Win32
	EndGlobalSection
	GlobalSection(SolutionProperties) = preSolution
		HideSolutionNode = FALSE
	EndGlobalSection
	GlobalSection(ExtensibilityGlobals) = postSolution
		SolutionGuid = {C75E967D-4347-4830-9D02-85314555BDE5}
	EndGlobalSection
EndGlobal
